# This file is autogenerated, do not edit; changes may be undone by the next 'dep ensure'.


[[projects]]
  name = "github.com/jessevdk/go-flags"
  packages = ["."]
  revision = "c6ca198ec95c841fdb89fc0de7496fed11ab854e"
  version = "v1.4.0"

[[projects]]
  branch = "master"
  name = "github.com/opesun/goquery"
  packages = [
    ".",
    "exp/html",
    "exp/html/atom"
  ]
  revision = "0d77e43213cdea88ecac8dd5fbdf10890e373035"

[solve-meta]
  analyzer-name = "dep"
  analyzer-version = 1
  inputs-digest = "d4e050951687f5d26efe628be72ee8039fe7337dc11450adb036ad25e8d197d9"
  solver-name = "gps-cdcl"
  solver-version = 1
